
Microsoft Visual Studio Solution File, Format Version 12.00
# Visual Studio 15
VisualStudioVersion = 15.0.27428.2043
MinimumVisualStudioVersion = 10.0.40219.1
Project("{FAE04EC0-301F-11D3-BF4B-00C04F79EFBC}") = "Henry_Sandbox", "Henry_Sandbox\Henry_Sandbox.csproj", "{895FCAD2-D0EE-479C-B70C-E6DE08E57FA0}"
EndProject
Global
	GlobalSection(SolutionConfigurationPlatforms) = preSolution
		Debug|Any CPU = Debug|Any CPU
		Release|Any CPU = Release|Any CPU
	EndGlobalSection
	GlobalSection(ProjectConfigurationPlatforms) = postSolution
		{895FCAD2-D0EE-479C-B70C-E6DE08E57FA0}.Debug|Any CPU.ActiveCfg = Debug|Any CPU
		{895FCAD2-D0EE-479C-B70C-E6DE08E57FA0}.Debug|Any CPU.Build.0 = Debug|Any CPU
		{895FCAD2-D0EE-479C-B70C-E6DE08E57FA0}.Release|Any CPU.ActiveCfg = Release|Any CPU
		{895FCAD2-D0EE-479C-B70C-E6DE08E57FA0}.Release|Any CPU.Build.0 = Release|Any CPU
	EndGlobalSection
	GlobalSection(SolutionProperties) = preSolution
		HideSolutionNode = FALSE
	EndGlobalSection
	GlobalSection(ExtensibilityGlobals) = postSolution
		SolutionGuid = {40458CAD-FA68-471C-BFD0-C02641A584E6}
	EndGlobalSection
EndGlobal
