
Microsoft Visual Studio Solution File, Format Version 12.00
# Visual Studio 15
VisualStudioVersion = 15.0.27428.2043
MinimumVisualStudioVersion = 10.0.40219.1
Project("{FAE04EC0-301F-11D3-BF4B-00C04F79EFBC}") = "DDDWithRabbitMQServiceBus", "DDDWithRabbitMQServiceBus\DDDWithRabbitMQServiceBus.csproj", "{A0ECBDD4-3E19-4A4B-8A22-9C062A6928FD}"
EndProject
Project("{FAE04EC0-301F-11D3-BF4B-00C04F79EFBC}") = "API_MediatR", "API_MediatR\API_MediatR.csproj", "{F3F6EA2C-15A1-4336-BFB2-27CEAF7FB7DA}"
EndProject
Global
	GlobalSection(SolutionConfigurationPlatforms) = preSolution
		Debug|Any CPU = Debug|Any CPU
		Release|Any CPU = Release|Any CPU
	EndGlobalSection
	GlobalSection(ProjectConfigurationPlatforms) = postSolution
		{A0ECBDD4-3E19-4A4B-8A22-9C062A6928FD}.Debug|Any CPU.ActiveCfg = Debug|Any CPU
		{A0ECBDD4-3E19-4A4B-8A22-9C062A6928FD}.Debug|Any CPU.Build.0 = Debug|Any CPU
		{A0ECBDD4-3E19-4A4B-8A22-9C062A6928FD}.Release|Any CPU.ActiveCfg = Release|Any CPU
		{A0ECBDD4-3E19-4A4B-8A22-9C062A6928FD}.Release|Any CPU.Build.0 = Release|Any CPU
		{F3F6EA2C-15A1-4336-BFB2-27CEAF7FB7DA}.Debug|Any CPU.ActiveCfg = Debug|Any CPU
		{F3F6EA2C-15A1-4336-BFB2-27CEAF7FB7DA}.Debug|Any CPU.Build.0 = Debug|Any CPU
		{F3F6EA2C-15A1-4336-BFB2-27CEAF7FB7DA}.Release|Any CPU.ActiveCfg = Release|Any CPU
		{F3F6EA2C-15A1-4336-BFB2-27CEAF7FB7DA}.Release|Any CPU.Build.0 = Release|Any CPU
	EndGlobalSection
	GlobalSection(SolutionProperties) = preSolution
		HideSolutionNode = FALSE
	EndGlobalSection
	GlobalSection(ExtensibilityGlobals) = postSolution
		SolutionGuid = {40458CAD-FA68-471C-BFD0-C02641A584E6}
	EndGlobalSection
EndGlobal
